
Microsoft Visual Studio Solution File, Format Version 12.00
# Visual Studio Version 17
VisualStudioVersion = 17.9.34622.214
MinimumVisualStudioVersion = 10.0.40219.1
Project("{FAE04EC0-301F-11D3-BF4B-00C04F79EFBC}") = "hw_8", "hw_8.csproj", "{AE209191-8846-43C5-BE8E-9D7592B34FAD}"
EndProject
Global
	GlobalSection(SolutionConfigurationPlatforms) = preSolution
		Debug|Any CPU = Debug|Any CPU
		Release|Any CPU = Release|Any CPU
	EndGlobalSection
	GlobalSection(ProjectConfigurationPlatforms) = postSolution
		{AE209191-8846-43C5-BE8E-9D7592B34FAD}.Debug|Any CPU.ActiveCfg = Debug|Any CPU
		{AE209191-8846-43C5-BE8E-9D7592B34FAD}.Debug|Any CPU.Build.0 = Debug|Any CPU
		{AE209191-8846-43C5-BE8E-9D7592B34FAD}.Release|Any CPU.ActiveCfg = Release|Any CPU
		{AE209191-8846-43C5-BE8E-9D7592B34FAD}.Release|Any CPU.Build.0 = Release|Any CPU
	EndGlobalSection
	GlobalSection(SolutionProperties) = preSolution
		HideSolutionNode = FALSE
	EndGlobalSection
	GlobalSection(ExtensibilityGlobals) = postSolution
		SolutionGuid = {AB4AE584-F449-4DFD-9C34-30301FE2147D}
	EndGlobalSection
EndGlobal
