
Microsoft Visual Studio Solution File, Format Version 12.00
# Visual Studio Version 17
VisualStudioVersion = 17.9.34622.214
MinimumVisualStudioVersion = 10.0.40219.1
Project("{FAE04EC0-301F-11D3-BF4B-00C04F79EFBC}") = "物件導向基礎知識", "物件導向基礎知識.csproj", "{34F7ECE4-3CBC-4FC7-8DDC-3BCC5B7E8BBE}"
EndProject
Global
	GlobalSection(SolutionConfigurationPlatforms) = preSolution
		Debug|Any CPU = Debug|Any CPU
		Release|Any CPU = Release|Any CPU
	EndGlobalSection
	GlobalSection(ProjectConfigurationPlatforms) = postSolution
		{34F7ECE4-3CBC-4FC7-8DDC-3BCC5B7E8BBE}.Debug|Any CPU.ActiveCfg = Debug|Any CPU
		{34F7ECE4-3CBC-4FC7-8DDC-3BCC5B7E8BBE}.Debug|Any CPU.Build.0 = Debug|Any CPU
		{34F7ECE4-3CBC-4FC7-8DDC-3BCC5B7E8BBE}.Release|Any CPU.ActiveCfg = Release|Any CPU
		{34F7ECE4-3CBC-4FC7-8DDC-3BCC5B7E8BBE}.Release|Any CPU.Build.0 = Release|Any CPU
	EndGlobalSection
	GlobalSection(SolutionProperties) = preSolution
		HideSolutionNode = FALSE
	EndGlobalSection
	GlobalSection(ExtensibilityGlobals) = postSolution
		SolutionGuid = {26D26266-353A-4E95-9D54-0764C547195D}
	EndGlobalSection
EndGlobal
